// !$*UTF8*$!
{
	archiveVersion = 1;
	classes = {
	};
	objectVersion = 46;
	objects = {

/* Begin PBXBuildFile section */
		EE57949B1D766F5F004B9B57 /* main.m in Sources */ = {isa = PBXBuildFile; fileRef = EE57949A1D766F5F004B9B57 /* main.m */; };
		EE57949E1D766F5F004B9B57 /* AppDelegate.m in Sources */ = {isa = PBXBuildFile; fileRef = EE57949D1D766F5F004B9B57 /* AppDelegate.m */; };
		EE5794A41D766F5F004B9B57 /* Main.storyboard in Resources */ = {isa = PBXBuildFile; fileRef = EE5794A21D766F5F004B9B57 /* Main.storyboard */; };
		EE5794A61D766F5F004B9B57 /* Assets.xcassets in Resources */ = {isa = PBXBuildFile; fileRef = EE5794A51D766F5F004B9B57 /* Assets.xcassets */; };
		EE5794A91D766F5F004B9B57 /* LaunchScreen.storyboard in Resources */ = {isa = PBXBuildFile; fileRef = EE5794A71D766F5F004B9B57 /* LaunchScreen.storyboard */; };
		EE5794B21D766FFF004B9B57 /* Heroes.m in Sources */ = {isa = PBXBuildFile; fileRef = EE5794B11D766FFF004B9B57 /* Heroes.m */; };
		EE5794B51D76703B004B9B57 /* APIController.m in Sources */ = {isa = PBXBuildFile; fileRef = EE5794B41D76703B004B9B57 /* APIController.m */; };
		EE5794B81D767097004B9B57 /* HeroesDetailViewController.m in Sources */ = {isa = PBXBuildFile; fileRef = EE5794B71D767097004B9B57 /* HeroesDetailViewController.m */; };
		EE5794BB1D76711C004B9B57 /* HeroesTableViewController.m in Sources */ = {isa = PBXBuildFile; fileRef = EE5794BA1D76711C004B9B57 /* HeroesTableViewController.m */; };
/* End PBXBuildFile section */

/* Begin PBXFileReference section */
		EE5794961D766F5F004B9B57 /* HeroTracker2.app */ = {isa = PBXFileReference; explicitFileType = wrapper.application; includeInIndex = 0; path = HeroTracker2.app; sourceTree = BUILT_PRODUCTS_DIR; };
		EE57949A1D766F5F004B9B57 /* main.m */ = {isa = PBXFileReference; lastKnownFileType = sourcecode.c.objc; path = main.m; sourceTree = "<group>"; };
		EE57949C1D766F5F004B9B57 /* AppDelegate.h */ = {isa = PBXFileReference; lastKnownFileType = sourcecode.c.h; path = AppDelegate.h; sourceTree = "<group>"; };
		EE57949D1D766F5F004B9B57 /* AppDelegate.m */ = {isa = PBXFileReference; lastKnownFileType = sourcecode.c.objc; path = AppDelegate.m; sourceTree = "<group>"; };
		EE5794A31D766F5F004B9B57 /* Base */ = {isa = PBXFileReference; lastKnownFileType = file.storyboard; name = Base; path = Base.lproj/Main.storyboard; sourceTree = "<group>"; };
		EE5794A51D766F5F004B9B57 /* Assets.xcassets */ = {isa = PBXFileReference; lastKnownFileType = folder.assetcatalog; path = Assets.xcassets; sourceTree = "<group>"; };
		EE5794A81D766F5F004B9B57 /* Base */ = {isa = PBXFileReference; lastKnownFileType = file.storyboard; name = Base; path = Base.lproj/LaunchScreen.storyboard; sourceTree = "<group>"; };
		EE5794AA1D766F5F004B9B57 /* Info.plist */ = {isa = PBXFileReference; lastKnownFileType = text.plist.xml; path = Info.plist; sourceTree = "<group>"; };
		EE5794B01D766FFF004B9B57 /* Heroes.h */ = {isa = PBXFileReference; fileEncoding = 4; lastKnownFileType = sourcecode.c.h; path = Heroes.h; sourceTree = "<group>"; };
		EE5794B11D766FFF004B9B57 /* Heroes.m */ = {isa = PBXFileReference; fileEncoding = 4; lastKnownFileType = sourcecode.c.objc; path = Heroes.m; sourceTree = "<group>"; };
		EE5794B31D76703B004B9B57 /* APIController.h */ = {isa = PBXFileReference; fileEncoding = 4; lastKnownFileType = sourcecode.c.h; path = APIController.h; sourceTree = "<group>"; };
		EE5794B41D76703B004B9B57 /* APIController.m */ = {isa = PBXFileReference; fileEncoding = 4; lastKnownFileType = sourcecode.c.objc; path = APIController.m; sourceTree = "<group>"; };
		EE5794B61D767097004B9B57 /* HeroesDetailViewController.h */ = {isa = PBXFileReference; fileEncoding = 4; lastKnownFileType = sourcecode.c.h; path = HeroesDetailViewController.h; sourceTree = "<group>"; };
		EE5794B71D767097004B9B57 /* HeroesDetailViewController.m */ = {isa = PBXFileReference; fileEncoding = 4; lastKnownFileType = sourcecode.c.objc; path = HeroesDetailViewController.m; sourceTree = "<group>"; };
		EE5794B91D76711C004B9B57 /* HeroesTableViewController.h */ = {isa = PBXFileReference; fileEncoding = 4; lastKnownFileType = sourcecode.c.h; path = HeroesTableViewController.h; sourceTree = "<group>"; };
		EE5794BA1D76711C004B9B57 /* HeroesTableViewController.m */ = {isa = PBXFileReference; fileEncoding = 4; lastKnownFileType = sourcecode.c.objc; path = HeroesTableViewController.m; sourceTree = "<group>"; };
/* End PBXFileReference section */

/* Begin PBXFrameworksBuildPhase section */
		EE5794931D766F5F004B9B57 /* Frameworks */ = {
			isa = PBXFrameworksBuildPhase;
			buildActionMask = 2147483647;
			files = (
			);
			runOnlyForDeploymentPostprocessing = 0;
		};
/* End PBXFrameworksBuildPhase section */

/* Begin PBXGroup section */
		EE57948D1D766F5F004B9B57 = {
			isa = PBXGroup;
			children = (
				EE5794B01D766FFF004B9B57 /* Heroes.h */,
				EE5794B11D766FFF004B9B57 /* Heroes.m */,
				EE5794B31D76703B004B9B57 /* APIController.h */,
				EE5794B41D76703B004B9B57 /* APIController.m */,
				EE5794B61D767097004B9B57 /* HeroesDetailViewController.h */,
				EE5794B71D767097004B9B57 /* HeroesDetailViewController.m */,
				EE5794B91D76711C004B9B57 /* HeroesTableViewController.h */,
				EE5794BA1D76711C004B9B57 /* HeroesTableViewController.m */,
				EE5794981D766F5F004B9B57 /* HeroTracker2 */,
				EE5794971D766F5F004B9B57 /* Products */,
			);
			sourceTree = "<group>";
		};
		EE5794971D766F5F004B9B57 /* Products */ = {
			isa = PBXGroup;
			children = (
				EE5794961D766F5F004B9B57 /* HeroTracker2.app */,
			);
			name = Products;
			sourceTree = "<group>";
		};
		EE5794981D766F5F004B9B57 /* HeroTracker2 */ = {
			isa = PBXGroup;
			children = (
				EE57949C1D766F5F004B9B57 /* AppDelegate.h */,
				EE57949D1D766F5F004B9B57 /* AppDelegate.m */,
				EE5794A21D766F5F004B9B57 /* Main.storyboard */,
				EE5794A51D766F5F004B9B57 /* Assets.xcassets */,
				EE5794A71D766F5F004B9B57 /* LaunchScreen.storyboard */,
				EE5794AA1D766F5F004B9B57 /* Info.plist */,
				EE5794991D766F5F004B9B57 /* Supporting Files */,
			);
			path = HeroTracker2;
			sourceTree = "<group>";
		};
		EE5794991D766F5F004B9B57 /* Supporting Files */ = {
			isa = PBXGroup;
			children = (
				EE57949A1D766F5F004B9B57 /* main.m */,
			);
			name = "Supporting Files";
			sourceTree = "<group>";
		};
/* End PBXGroup section */

/* Begin PBXNativeTarget section */
		EE5794951D766F5F004B9B57 /* HeroTracker2 */ = {
			isa = PBXNativeTarget;
			buildConfigurationList = EE5794AD1D766F5F004B9B57 /* Build configuration list for PBXNativeTarget "HeroTracker2" */;
			buildPhases = (
				EE5794921D766F5F004B9B57 /* Sources */,
				EE5794931D766F5F004B9B57 /* Frameworks */,
				EE5794941D766F5F004B9B57 /* Resources */,
			);
			buildRules = (
			);
			dependencies = (
			);
			name = HeroTracker2;
			productName = HeroTracker2;
			productReference = EE5794961D766F5F004B9B57 /* HeroTracker2.app */;
			productType = "com.apple.product-type.application";
		};
/* End PBXNativeTarget section */

/* Begin PBXProject section */
		EE57948E1D766F5F004B9B57 /* Project object */ = {
			isa = PBXProject;
			attributes = {
				LastUpgradeCheck = 0800;
				ORGANIZATIONNAME = "The Iron Yard";
				TargetAttributes = {
					EE5794951D766F5F004B9B57 = {
						CreatedOnToolsVersion = 8.0;
						DevelopmentTeam = X7U48SSVUK;
						ProvisioningStyle = Automatic;
					};
				};
			};
			buildConfigurationList = EE5794911D766F5F004B9B57 /* Build configuration list for PBXProject "HeroTracker2" */;
			compatibilityVersion = "Xcode 3.2";
			developmentRegion = English;
			hasScannedForEncodings = 0;
			knownRegions = (
				en,
				Base,
			);
			mainGroup = EE57948D1D766F5F004B9B57;
			productRefGroup = EE5794971D766F5F004B9B57 /* Products */;
			projectDirPath = "";
			projectRoot = "";
			targets = (
				EE5794951D766F5F004B9B57 /* HeroTracker2 */,
			);
		};
/* End PBXProject section */

/* Begin PBXResourcesBuildPhase section */
		EE5794941D766F5F004B9B57 /* Resources */ = {
			isa = PBXResourcesBuildPhase;
			buildActionMask = 2147483647;
			files = (
				EE5794A91D766F5F004B9B57 /* LaunchScreen.storyboard in Resources */,
				EE5794A61D766F5F004B9B57 /* Assets.xcassets in Resources */,
				EE5794A41D766F5F004B9B57 /* Main.storyboard in Resources */,
			);
			runOnlyForDeploymentPostprocessing = 0;
		};
/* End PBXResourcesBuildPhase section */

/* Begin PBXSourcesBuildPhase section */
		EE5794921D766F5F004B9B57 /* Sources */ = {
			isa = PBXSourcesBuildPhase;
			buildActionMask = 2147483647;
			files = (
				EE5794B51D76703B004B9B57 /* APIController.m in Sources */,
				EE5794B21D766FFF004B9B57 /* Heroes.m in Sources */,
				EE5794B81D767097004B9B57 /* HeroesDetailViewController.m in Sources */,
				EE57949E1D766F5F004B9B57 /* AppDelegate.m in Sources */,
				EE57949B1D766F5F004B9B57 /* main.m in Sources */,
				EE5794BB1D76711C004B9B57 /* HeroesTableViewController.m in Sources */,
			);
			runOnlyForDeploymentPostprocessing = 0;
		};
/* End PBXSourcesBuildPhase section */

/* Begin PBXVariantGroup section */
		EE5794A21D766F5F004B9B57 /* Main.storyboard */ = {
			isa = PBXVariantGroup;
			children = (
				EE5794A31D766F5F004B9B57 /* Base */,
			);
			name = Main.storyboard;
			sourceTree = "<group>";
		};
		EE5794A71D766F5F004B9B57 /* LaunchScreen.storyboard */ = {
			isa = PBXVariantGroup;
			children = (
				EE5794A81D766F5F004B9B57 /* Base */,
			);
			name = LaunchScreen.storyboard;
			sourceTree = "<group>";
		};
/* End PBXVariantGroup section */

/* Begin XCBuildConfiguration section */
		EE5794AB1D766F5F004B9B57 /* Debug */ = {
			isa = XCBuildConfiguration;
			buildSettings = {
				ALWAYS_SEARCH_USER_PATHS = NO;
				CLANG_ANALYZER_NONNULL = YES;
				CLANG_CXX_LANGUAGE_STANDARD = "gnu++0x";
				CLANG_CXX_LIBRARY = "libc++";
				CLANG_ENABLE_MODULES = YES;
				CLANG_ENABLE_OBJC_ARC = YES;
				CLANG_WARN_BOOL_CONVERSION = YES;
				CLANG_WARN_CONSTANT_CONVERSION = YES;
				CLANG_WARN_DIRECT_OBJC_ISA_USAGE = YES_ERROR;
				CLANG_WARN_DOCUMENTATION_COMMENTS = YES;
				CLANG_WARN_EMPTY_BODY = YES;
				CLANG_WARN_ENUM_CONVERSION = YES;
				CLANG_WARN_INFINITE_RECURSION = YES;
				CLANG_WARN_INT_CONVERSION = YES;
				CLANG_WARN_OBJC_ROOT_CLASS = YES_ERROR;
				CLANG_WARN_SUSPICIOUS_MOVES = YES;
				CLANG_WARN_UNREACHABLE_CODE = YES;
				CLANG_WARN__DUPLICATE_METHOD_MATCH = YES;
				"CODE_SIGN_IDENTITY[sdk=iphoneos*]" = "iPhone Developer";
				COPY_PHASE_STRIP = NO;
				DEBUG_INFORMATION_FORMAT = dwarf;
				ENABLE_STRICT_OBJC_MSGSEND = YES;
				ENABLE_TESTABILITY = YES;
				GCC_C_LANGUAGE_STANDARD = gnu99;
				GCC_DYNAMIC_NO_PIC = NO;
				GCC_NO_COMMON_BLOCKS = YES;
				GCC_OPTIMIZATION_LEVEL = 0;
				GCC_PREPROCESSOR_DEFINITIONS = (
					"DEBUG=1",
					"$(inherited)",
				);
				GCC_WARN_64_TO_32_BIT_CONVERSION = YES;
				GCC_WARN_ABOUT_RETURN_TYPE = YES_ERROR;
				GCC_WARN_UNDECLARED_SELECTOR = YES;
				GCC_WARN_UNINITIALIZED_AUTOS = YES_AGGRESSIVE;
				GCC_WARN_UNUSED_FUNCTION = YES;
				GCC_WARN_UNUSED_VARIABLE = YES;
				IPHONEOS_DEPLOYMENT_TARGET = 10.0;
				MTL_ENABLE_DEBUG_INFO = YES;
				ONLY_ACTIVE_ARCH = YES;
				SDKROOT = iphoneos;
			};
			name = Debug;
		};
		EE5794AC1D766F5F004B9B57 /* Release */ = {
			isa = XCBuildConfiguration;
			buildSettings = {
				ALWAYS_SEARCH_USER_PATHS = NO;
				CLANG_ANALYZER_NONNULL = YES;
				CLANG_CXX_LANGUAGE_STANDARD = "gnu++0x";
				CLANG_CXX_LIBRARY = "libc++";
				CLANG_ENABLE_MODULES = YES;
				CLANG_ENABLE_OBJC_ARC = YES;
				CLANG_WARN_BOOL_CONVERSION = YES;
				CLANG_WARN_CONSTANT_CONVERSION = YES;
				CLANG_WARN_DIRECT_OBJC_ISA_USAGE = YES_ERROR;
				CLANG_WARN_DOCUMENTATION_COMMENTS = YES;
				CLANG_WARN_EMPTY_BODY = YES;
				CLANG_WARN_ENUM_CONVERSION = YES;
				CLANG_WARN_INFINITE_RECURSION = YES;
				CLANG_WARN_INT_CONVERSION = YES;
				CLANG_WARN_OBJC_ROOT_CLASS = YES_ERROR;
				CLANG_WARN_SUSPICIOUS_MOVES = YES;
				CLANG_WARN_UNREACHABLE_CODE = YES;
				CLANG_WARN__DUPLICATE_METHOD_MATCH = YES;
				"CODE_SIGN_IDENTITY[sdk=iphoneos*]" = "iPhone Developer";
				COPY_PHASE_STRIP = NO;
				DEBUG_INFORMATION_FORMAT = "dwarf-with-dsym";
				ENABLE_NS_ASSERTIONS = NO;
				ENABLE_STRICT_OBJC_MSGSEND = YES;
				GCC_C_LANGUAGE_STANDARD = gnu99;
				GCC_NO_COMMON_BLOCKS = YES;
				GCC_WARN_64_TO_32_BIT_CONVERSION = YES;
				GCC_WARN_ABOUT_RETURN_TYPE = YES_ERROR;
				GCC_WARN_UNDECLARED_SELECTOR = YES;
				GCC_WARN_UNINITIALIZED_AUTOS = YES_AGGRESSIVE;
				GCC_WARN_UNUSED_FUNCTION = YES;
				GCC_WARN_UNUSED_VARIABLE = YES;
				IPHONEOS_DEPLOYMENT_TARGET = 10.0;
				MTL_ENABLE_DEBUG_INFO = NO;
				SDKROOT = iphoneos;
				VALIDATE_PRODUCT = YES;
			};
			name = Release;
		};
		EE5794AE1D766F5F004B9B57 /* Debug */ = {
			isa = XCBuildConfiguration;
			buildSettings = {
				ASSETCATALOG_COMPILER_APPICON_NAME = AppIcon;
				DEVELOPMENT_TEAM = X7U48SSVUK;
				INFOPLIST_FILE = HeroTracker2/Info.plist;
				LD_RUNPATH_SEARCH_PATHS = "$(inherited) @executable_path/Frameworks";
				PRODUCT_BUNDLE_IDENTIFIER = com.tiy.HeroTracker2;
				PRODUCT_NAME = "$(TARGET_NAME)";
			};
			name = Debug;
		};
		EE5794AF1D766F5F004B9B57 /* Release */ = {
			isa = XCBuildConfiguration;
			buildSettings = {
				ASSETCATALOG_COMPILER_APPICON_NAME = AppIcon;
				DEVELOPMENT_TEAM = X7U48SSVUK;
				INFOPLIST_FILE = HeroTracker2/Info.plist;
				LD_RUNPATH_SEARCH_PATHS = "$(inherited) @executable_path/Frameworks";
				PRODUCT_BUNDLE_IDENTIFIER = com.tiy.HeroTracker2;
				PRODUCT_NAME = "$(TARGET_NAME)";
			};
			name = Release;
		};
/* End XCBuildConfiguration section */

/* Begin XCConfigurationList section */
		EE5794911D766F5F004B9B57 /* Build configuration list for PBXProject "HeroTracker2" */ = {
			isa = XCConfigurationList;
			buildConfigurations = (
				EE5794AB1D766F5F004B9B57 /* Debug */,
				EE5794AC1D766F5F004B9B57 /* Release */,
			);
			defaultConfigurationIsVisible = 0;
			defaultConfigurationName = Release;
		};
		EE5794AD1D766F5F004B9B57 /* Build configuration list for PBXNativeTarget "HeroTracker2" */ = {
			isa = XCConfigurationList;
			buildConfigurations = (
				EE5794AE1D766F5F004B9B57 /* Debug */,
				EE5794AF1D766F5F004B9B57 /* Release */,
			);
			defaultConfigurationIsVisible = 0;
		};
/* End XCConfigurationList section */
	};
	rootObject = EE57948E1D766F5F004B9B57 /* Project object */;
}
